
Microsoft Visual Studio Solution File, Format Version 12.00
# Visual Studio Version 17
VisualStudioVersion = 17.13.35818.85 d17.13
MinimumVisualStudioVersion = 10.0.40219.1
Project("{FAE04EC0-301F-11D3-BF4B-00C04F79EFBC}") = "GS_AquaIntel", "GS_AquaIntel\GS_AquaIntel.csproj", "{7AE5C3F4-14EC-49E4-8B21-80331E7B48D5}"
EndProject
Global
	GlobalSection(SolutionConfigurationPlatforms) = preSolution
		Debug|Any CPU = Debug|Any CPU
		Release|Any CPU = Release|Any CPU
	EndGlobalSection
	GlobalSection(ProjectConfigurationPlatforms) = postSolution
		{7AE5C3F4-14EC-49E4-8B21-80331E7B48D5}.Debug|Any CPU.ActiveCfg = Debug|Any CPU
		{7AE5C3F4-14EC-49E4-8B21-80331E7B48D5}.Debug|Any CPU.Build.0 = Debug|Any CPU
		{7AE5C3F4-14EC-49E4-8B21-80331E7B48D5}.Release|Any CPU.ActiveCfg = Release|Any CPU
		{7AE5C3F4-14EC-49E4-8B21-80331E7B48D5}.Release|Any CPU.Build.0 = Release|Any CPU
	EndGlobalSection
	GlobalSection(SolutionProperties) = preSolution
		HideSolutionNode = FALSE
	EndGlobalSection
	GlobalSection(ExtensibilityGlobals) = postSolution
		SolutionGuid = {8BD862C5-97F0-4F62-AD13-06DE46A46066}
	EndGlobalSection
EndGlobal
